{
  "requires": true,
  "lockfileVersion": 1,
  "dependencies": {
    "@types/component-emitter": {
      "version": "1.2.10",
      "resolved": "https://registry.npm.taobao.org/@types/component-emitter/download/@types/component-emitter-1.2.10.tgz",
      "integrity": "sha1-71sVibnxZURkLkc9tepWORB+8+o="
    },
    "@types/cookie": {
      "version": "0.4.0",
      "resolved": "https://registry.npm.taobao.org/@types/cookie/download/@types/cookie-0.4.0.tgz?cache=0&sync_timestamp=1605053643604&other_urls=https%3A%2F%2Fregistry.npm.taobao.org%2F%40types%2Fcookie%2Fdownload%2F%40types%2Fcookie-0.4.0.tgz",
      "integrity": "sha1-FPhUwPk9Mm452m47bzT303UT0Qg="
    },
    "@types/cors": {
      "version": "2.8.9",
      "resolved": "https://registry.npm.taobao.org/@types/cors/download/@types/cors-2.8.9.tgz",
      "integrity": "sha1-S9H8rHLsqNW+yT52x/3L3BvCzUo="
    },
    "@types/node": {
      "version": "14.14.22",
      "resolved": "https://registry.npm.taobao.org/@types/node/download/@types/node-14.14.22.tgz?cache=0&sync_timestamp=1611167664149&other_urls=https%3A%2F%2Fregistry.npm.taobao.org%2F%40types%2Fnode%2Fdownload%2F%40types%2Fnode-14.14.22.tgz",
      "integrity": "sha1-DSnzgkcsTM872W/wzkfa9be4Sxg="
    },
    "@xboxreplay/errors": {
      "version": "0.1.0",
      "resolved": "https://registry.npm.taobao.org/@xboxreplay/errors/download/@xboxreplay/errors-0.1.0.tgz",
      "integrity": "sha1-6NrOs8iMEEhyMB1Bk/VNwUGo01o="
    },
    "@xboxreplay/xboxlive-auth": {
      "version": "3.3.3",
      "resolved": "https://registry.npm.taobao.org/@xboxreplay/xboxlive-auth/download/@xboxreplay/xboxlive-auth-3.3.3.tgz",
      "integrity": "sha1-/VKCH0hXySvDDCwZsY2sTKdnfm8=",
      "requires": {
        "@xboxreplay/errors": "^0.1.0",
        "axios": "^0.21.1"
      }
    },
    "accepts": {
      "version": "1.3.7",
      "resolved": "https://registry.npm.taobao.org/accepts/download/accepts-1.3.7.tgz",
      "integrity": "sha1-UxvHJlF6OytB+FACHGzBXqq1B80=",
      "requires": {
        "mime-types": "~2.1.24",
        "negotiator": "0.6.2"
      }
    },
    "aes-js": {
      "version": "3.1.2",
      "resolved": "https://registry.npm.taobao.org/aes-js/download/aes-js-3.1.2.tgz",
      "integrity": "sha1-25qr3oXVyqu/wNTypERpYPYnFGo="
    },
    "ajv": {
      "version": "6.12.6",
      "resolved": "https://registry.npm.taobao.org/ajv/download/ajv-6.12.6.tgz?cache=0&sync_timestamp=1609583976611&other_urls=https%3A%2F%2Fregistry.npm.taobao.org%2Fajv%2Fdownload%2Fajv-6.12.6.tgz",
      "integrity": "sha1-uvWmLoArB9l3A0WG+MO69a3ybfQ=",
      "requires": {
        "fast-deep-equal": "^3.1.1",
        "fast-json-stable-stringify": "^2.0.0",
        "json-schema-traverse": "^0.4.1",
        "uri-js": "^4.2.2"
      }
    },
    "array-flatten": {
      "version": "1.1.1",
      "resolved": "https://registry.npm.taobao.org/array-flatten/download/array-flatten-1.1.1.tgz",
      "integrity": "sha1-ml9pkFGx5wczKPKgCJaLZOopVdI="
    },
    "asap": {
      "version": "1.0.0",
      "resolved": "https://registry.npm.taobao.org/asap/download/asap-1.0.0.tgz",
      "integrity": "sha1-sqRdpf36ILBJb8N2jMJ8EvqRan0="
    },
    "asn1": {
      "version": "0.2.3",
      "resolved": "https://registry.npm.taobao.org/asn1/download/asn1-0.2.3.tgz",
      "integrity": "sha1-2sh4dxPJlmhJ/IGAd36+nB3fO4Y="
    },
    "axios": {
      "version": "0.21.1",
      "resolved": "https://registry.npm.taobao.org/axios/download/axios-0.21.1.tgz",
      "integrity": "sha1-IlY0gZYvTWvemnbVFu8OXTwJsrg=",
      "requires": {
        "follow-redirects": "^1.10.0"
      }
    },
    "backo2": {
      "version": "1.0.2",
      "resolved": "https://registry.npm.taobao.org/backo2/download/backo2-1.0.2.tgz",
      "integrity": "sha1-MasayLEpNjRj41s+u2n038+6eUc="
    },
    "base64-arraybuffer": {
      "version": "0.1.4",
      "resolved": "https://registry.npm.taobao.org/base64-arraybuffer/download/base64-arraybuffer-0.1.4.tgz",
      "integrity": "sha1-mBjHngWbE1X5fgQooBfIOOkLqBI="
    },
    "base64id": {
      "version": "2.0.0",
      "resolved": "https://registry.npm.taobao.org/base64id/download/base64id-2.0.0.tgz",
      "integrity": "sha1-J3Csa8R9MSr5eov5pjQ0LgzSXLY="
    },
    "body-parser": {
      "version": "1.19.0",
      "resolved": "https://registry.npm.taobao.org/body-parser/download/body-parser-1.19.0.tgz",
      "integrity": "sha1-lrJwnlfJxOCab9Zqj9l5hE9p8Io=",
      "requires": {
        "bytes": "3.1.0",
        "content-type": "~1.0.4",
        "debug": "2.6.9",
        "depd": "~1.1.2",
        "http-errors": "1.7.2",
        "iconv-lite": "0.4.24",
        "on-finished": "~2.3.0",
        "qs": "6.7.0",
        "raw-body": "2.4.0",
        "type-is": "~1.6.17"
      },
      "dependencies": {
        "bytes": {
          "version": "3.1.0",
          "resolved": "https://registry.npm.taobao.org/bytes/download/bytes-3.1.0.tgz",
          "integrity": "sha1-9s95M6Ng4FiPqf3oVlHNx/gF0fY="
        },
        "debug": {
          "version": "2.6.9",
          "resolved": "https://registry.npm.taobao.org/debug/download/debug-2.6.9.tgz?cache=0&sync_timestamp=1607566580543&other_urls=https%3A%2F%2Fregistry.npm.taobao.org%2Fdebug%2Fdownload%2Fdebug-2.6.9.tgz",
          "integrity": "sha1-XRKFFd8TT/Mn6QpMk/Tgd6U2NB8=",
          "requires": {
            "ms": "2.0.0"
          }
        },
        "ms": {
          "version": "2.0.0",
          "resolved": "https://registry.npm.taobao.org/ms/download/ms-2.0.0.tgz",
          "integrity": "sha1-VgiurfwAvmwpAd9fmGF4jeDVl8g="
        }
      }
    },
    "buffer-equal": {
      "version": "1.0.0",
      "resolved": "https://registry.npm.taobao.org/buffer-equal/download/buffer-equal-1.0.0.tgz",
      "integrity": "sha1-WWFrSYME1Var1GaWayLu2j7KX74="
    },
    "bytes": {
      "version": "3.0.0",
      "resolved": "https://registry.npm.taobao.org/bytes/download/bytes-3.0.0.tgz",
      "integrity": "sha1-0ygVQE1olpn4Wk6k+odV3ROpYEg="
    },
    "centra": {
      "version": "2.4.2",
      "resolved": "https://registry.npm.taobao.org/centra/download/centra-2.4.2.tgz",
      "integrity": "sha1-O61R28oiUNvsrYRZjccYSXP0xKk="
    },
    "commander": {
      "version": "2.20.3",
      "resolved": "https://registry.npm.taobao.org/commander/download/commander-2.20.3.tgz?cache=0&sync_timestamp=1610702191685&other_urls=https%3A%2F%2Fregistry.npm.taobao.org%2Fcommander%2Fdownload%2Fcommander-2.20.3.tgz",
      "integrity": "sha1-/UhehMA+tIgcIHIrpIA16FMa6zM="
    },
    "component-emitter": {
      "version": "1.3.0",
      "resolved": "https://registry.npm.taobao.org/component-emitter/download/component-emitter-1.3.0.tgz",
      "integrity": "sha1-FuQHD7qK4ptnnyIVhT7hgasuq8A="
    },
    "compressible": {
      "version": "2.0.18",
      "resolved": "https://registry.npm.taobao.org/compressible/download/compressible-2.0.18.tgz",
      "integrity": "sha1-r1PMprBw1MPAdQ+9dyhqbXzEb7o=",
      "requires": {
        "mime-db": ">= 1.43.0 < 2"
      }
    },
    "compression": {
      "version": "1.7.4",
      "resolved": "https://registry.npm.taobao.org/compression/download/compression-1.7.4.tgz",
      "integrity": "sha1-lVI+/xcMpXwpoMpB5v4TH0Hlu48=",
      "requires": {
        "accepts": "~1.3.5",
        "bytes": "3.0.0",
        "compressible": "~2.0.16",
        "debug": "2.6.9",
        "on-headers": "~1.0.2",
        "safe-buffer": "5.1.2",
        "vary": "~1.1.2"
      },
      "dependencies": {
        "debug": {
          "version": "2.6.9",
          "resolved": "https://registry.npm.taobao.org/debug/download/debug-2.6.9.tgz?cache=0&sync_timestamp=1607566580543&other_urls=https%3A%2F%2Fregistry.npm.taobao.org%2Fdebug%2Fdownload%2Fdebug-2.6.9.tgz",
          "integrity": "sha1-XRKFFd8TT/Mn6QpMk/Tgd6U2NB8=",
          "requires": {
            "ms": "2.0.0"
          }
        },
        "ms": {
          "version": "2.0.0",
          "resolved": "https://registry.npm.taobao.org/ms/download/ms-2.0.0.tgz",
          "integrity": "sha1-VgiurfwAvmwpAd9fmGF4jeDVl8g="
        },
        "safe-buffer": {
          "version": "5.1.2",
          "resolved": "https://registry.npm.taobao.org/safe-buffer/download/safe-buffer-5.1.2.tgz",
          "integrity": "sha1-mR7GnSluAxN0fVm9/St0XDX4go0="
        }
      }
    },
    "content-disposition": {
      "version": "0.5.3",
      "resolved": "https://registry.npm.taobao.org/content-disposition/download/content-disposition-0.5.3.tgz",
      "integrity": "sha1-4TDK9+cnkIfFYWwgB9BIVpiYT70=",
      "requires": {
        "safe-buffer": "5.1.2"
      },
      "dependencies": {
        "safe-buffer": {
          "version": "5.1.2",
          "resolved": "https://registry.npm.taobao.org/safe-buffer/download/safe-buffer-5.1.2.tgz",
          "integrity": "sha1-mR7GnSluAxN0fVm9/St0XDX4go0="
        }
      }
    },
    "content-type": {
      "version": "1.0.4",
      "resolved": "https://registry.npm.taobao.org/content-type/download/content-type-1.0.4.tgz",
      "integrity": "sha1-4TjMdeBAxyexlm/l5fjJruJW/js="
    },
    "cookie": {
      "version": "0.4.0",
      "resolved": "https://registry.npm.taobao.org/cookie/download/cookie-0.4.0.tgz",
      "integrity": "sha1-vrQ35wIrO21JAZ0IhmUwPr6cFLo="
    },
    "cookie-signature": {
      "version": "1.0.6",
      "resolved": "https://registry.npm.taobao.org/cookie-signature/download/cookie-signature-1.0.6.tgz",
      "integrity": "sha1-4wOogrNCzD7oylE6eZmXNNqzriw="
    },
    "cors": {
      "version": "2.8.5",
      "resolved": "https://registry.npm.taobao.org/cors/download/cors-2.8.5.tgz",
      "integrity": "sha1-6sEdpRWS3Ya58G9uesKTs9+HXSk=",
      "requires": {
        "object-assign": "^4",
        "vary": "^1"
      }
    },
    "debug": {
      "version": "4.3.1",
      "resolved": "https://registry.npm.taobao.org/debug/download/debug-4.3.1.tgz?cache=0&sync_timestamp=1607566580543&other_urls=https%3A%2F%2Fregistry.npm.taobao.org%2Fdebug%2Fdownload%2Fdebug-4.3.1.tgz",
      "integrity": "sha1-8NIpxQXgxtjEmsVT0bE9wYP2su4=",
      "requires": {
        "ms": "2.1.2"
      }
    },
    "depd": {
      "version": "1.1.2",
      "resolved": "https://registry.npm.taobao.org/depd/download/depd-1.1.2.tgz",
      "integrity": "sha1-m81S4UwJd2PnSbJ0xDRu0uVgtak="
    },
    "destroy": {
      "version": "1.0.4",
      "resolved": "https://registry.npm.taobao.org/destroy/download/destroy-1.0.4.tgz",
      "integrity": "sha1-l4hXRCxEdJ5CBmE+N5RiBYJqvYA="
    },
    "discontinuous-range": {
      "version": "1.0.0",
      "resolved": "https://registry.npm.taobao.org/discontinuous-range/download/discontinuous-range-1.0.0.tgz",
      "integrity": "sha1-44Mx8IRLukm5qctxx3FYWqsbxlo="
    },
    "ee-first": {
      "version": "1.1.1",
      "resolved": "https://registry.npm.taobao.org/ee-first/download/ee-first-1.1.1.tgz",
      "integrity": "sha1-WQxhFWsK4vTwJVcyoViyZrxWsh0="
    },
    "encodeurl": {
      "version": "1.0.2",
      "resolved": "https://registry.npm.taobao.org/encodeurl/download/encodeurl-1.0.2.tgz",
      "integrity": "sha1-rT/0yG7C0CkyL1oCw6mmBslbP1k="
    },
    "endian-toggle": {
      "version": "0.0.0",
      "resolved": "https://registry.npm.taobao.org/endian-toggle/download/endian-toggle-0.0.0.tgz",
      "integrity": "sha1-5cx1eLEDLW7gHq/Nc3ZdsNtNwKY="
    },
    "engine.io": {
      "version": "4.1.0",
      "resolved": "https://registry.npm.taobao.org/engine.io/download/engine.io-4.1.0.tgz",
      "integrity": "sha1-2KyQoJ7Z/HA6v4cCPx4YFeM/BE4=",
      "requires": {
        "accepts": "~1.3.4",
        "base64id": "2.0.0",
        "cookie": "~0.4.1",
        "cors": "~2.8.5",
        "debug": "~4.3.1",
        "engine.io-parser": "~4.0.0",
        "ws": "~7.4.2"
      },
      "dependencies": {
        "cookie": {
          "version": "0.4.1",
          "resolved": "https://registry.npm.taobao.org/cookie/download/cookie-0.4.1.tgz",
          "integrity": "sha1-r9cT/ibr0hupXOth+agRblClN9E="
        }
      }
    },
    "engine.io-client": {
      "version": "4.1.0",
      "resolved": "https://registry.npm.taobao.org/engine.io-client/download/engine.io-client-4.1.0.tgz",
      "integrity": "sha1-3OGb5u4exEQMWStF9vXO8orLSz8=",
      "requires": {
        "base64-arraybuffer": "0.1.4",
        "component-emitter": "~1.3.0",
        "debug": "~4.3.1",
        "engine.io-parser": "~4.0.1",
        "has-cors": "1.1.0",
        "parseqs": "0.0.6",
        "parseuri": "0.0.6",
        "ws": "~7.4.2",
        "xmlhttprequest-ssl": "~1.5.4",
        "yeast": "0.1.2"
      }
    },
    "engine.io-parser": {
      "version": "4.0.2",
      "resolved": "https://registry.npm.taobao.org/engine.io-parser/download/engine.io-parser-4.0.2.tgz",
      "integrity": "sha1-5B0LP7Zve/SjZx0gOKFUAk7bUB4=",
      "requires": {
        "base64-arraybuffer": "0.1.4"
      }
    },
    "escape-html": {
      "version": "1.0.3",
      "resolved": "https://registry.npm.taobao.org/escape-html/download/escape-html-1.0.3.tgz",
      "integrity": "sha1-Aljq5NPQwJdN4cFpGI7wBR0dGYg="
    },
    "etag": {
      "version": "1.8.1",
      "resolved": "https://registry.npm.taobao.org/etag/download/etag-1.8.1.tgz",
      "integrity": "sha1-Qa4u62XvpiJorr/qg6x9eSmbCIc="
    },
    "event-promise": {
      "version": "0.0.1",
      "resolved": "https://registry.npm.taobao.org/event-promise/download/event-promise-0.0.1.tgz",
      "integrity": "sha1-7lmd9hNyaxLPhXTncU20gjx9uHc=",
      "requires": {
        "promise": "^5.0.0"
      }
    },
    "express": {
      "version": "4.17.1",
      "resolved": "https://registry.npm.taobao.org/express/download/express-4.17.1.tgz?cache=0&sync_timestamp=1596722127254&other_urls=https%3A%2F%2Fregistry.npm.taobao.org%2Fexpress%2Fdownload%2Fexpress-4.17.1.tgz",
      "integrity": "sha1-RJH8OGBc9R+GKdOcK10Cb5ikwTQ=",
      "requires": {
        "accepts": "~1.3.7",
        "array-flatten": "1.1.1",
        "body-parser": "1.19.0",
        "content-disposition": "0.5.3",
        "content-type": "~1.0.4",
        "cookie": "0.4.0",
        "cookie-signature": "1.0.6",
        "debug": "2.6.9",
        "depd": "~1.1.2",
        "encodeurl": "~1.0.2",
        "escape-html": "~1.0.3",
        "etag": "~1.8.1",
        "finalhandler": "~1.1.2",
        "fresh": "0.5.2",
        "merge-descriptors": "1.0.1",
        "methods": "~1.1.2",
        "on-finished": "~2.3.0",
        "parseurl": "~1.3.3",
        "path-to-regexp": "0.1.7",
        "proxy-addr": "~2.0.5",
        "qs": "6.7.0",
        "range-parser": "~1.2.1",
        "safe-buffer": "5.1.2",
        "send": "0.17.1",
        "serve-static": "1.14.1",
        "setprototypeof": "1.1.1",
        "statuses": "~1.5.0",
        "type-is": "~1.6.18",
        "utils-merge": "1.0.1",
        "vary": "~1.1.2"
      },
      "dependencies": {
        "debug": {
          "version": "2.6.9",
          "resolved": "https://registry.npm.taobao.org/debug/download/debug-2.6.9.tgz?cache=0&sync_timestamp=1607566580543&other_urls=https%3A%2F%2Fregistry.npm.taobao.org%2Fdebug%2Fdownload%2Fdebug-2.6.9.tgz",
          "integrity": "sha1-XRKFFd8TT/Mn6QpMk/Tgd6U2NB8=",
          "requires": {
            "ms": "2.0.0"
          }
        },
        "ms": {
          "version": "2.0.0",
          "resolved": "https://registry.npm.taobao.org/ms/download/ms-2.0.0.tgz",
          "integrity": "sha1-VgiurfwAvmwpAd9fmGF4jeDVl8g="
        },
        "safe-buffer": {
          "version": "5.1.2",
          "resolved": "https://registry.npm.taobao.org/safe-buffer/download/safe-buffer-5.1.2.tgz",
          "integrity": "sha1-mR7GnSluAxN0fVm9/St0XDX4go0="
        }
      }
    },
    "fast-deep-equal": {
      "version": "3.1.3",
      "resolved": "https://registry.npm.taobao.org/fast-deep-equal/download/fast-deep-equal-3.1.3.tgz",
      "integrity": "sha1-On1WtVnWy8PrUSMlJE5hmmXGxSU="
    },
    "fast-json-stable-stringify": {
      "version": "2.1.0",
      "resolved": "https://registry.npm.taobao.org/fast-json-stable-stringify/download/fast-json-stable-stringify-2.1.0.tgz",
      "integrity": "sha1-h0v2nG9ATCtdmcSBNBOZ/VWJJjM="
    },
    "finalhandler": {
      "version": "1.1.2",
      "resolved": "https://registry.npm.taobao.org/finalhandler/download/finalhandler-1.1.2.tgz",
      "integrity": "sha1-t+fQAP/RGTjQ/bBTUG9uur6fWH0=",
      "requires": {
        "debug": "2.6.9",
        "encodeurl": "~1.0.2",
        "escape-html": "~1.0.3",
        "on-finished": "~2.3.0",
        "parseurl": "~1.3.3",
        "statuses": "~1.5.0",
        "unpipe": "~1.0.0"
      },
      "dependencies": {
        "debug": {
          "version": "2.6.9",
          "resolved": "https://registry.npm.taobao.org/debug/download/debug-2.6.9.tgz?cache=0&sync_timestamp=1607566580543&other_urls=https%3A%2F%2Fregistry.npm.taobao.org%2Fdebug%2Fdownload%2Fdebug-2.6.9.tgz",
          "integrity": "sha1-XRKFFd8TT/Mn6QpMk/Tgd6U2NB8=",
          "requires": {
            "ms": "2.0.0"
          }
        },
        "ms": {
          "version": "2.0.0",
          "resolved": "https://registry.npm.taobao.org/ms/download/ms-2.0.0.tgz",
          "integrity": "sha1-VgiurfwAvmwpAd9fmGF4jeDVl8g="
        }
      }
    },
    "follow-redirects": {
      "version": "1.13.1",
      "resolved": "https://registry.npm.taobao.org/follow-redirects/download/follow-redirects-1.13.1.tgz?cache=0&sync_timestamp=1607916846877&other_urls=https%3A%2F%2Fregistry.npm.taobao.org%2Ffollow-redirects%2Fdownload%2Ffollow-redirects-1.13.1.tgz",
      "integrity": "sha1-X2m4Ezds7k/QR0o6uoNd8Eq3Y7c="
    },
    "forwarded": {
      "version": "0.1.2",
      "resolved": "https://registry.npm.taobao.org/forwarded/download/forwarded-0.1.2.tgz",
      "integrity": "sha1-mMI9qxF1ZXuMBXPozszZGw/xjIQ="
    },
    "fresh": {
      "version": "0.5.2",
      "resolved": "https://registry.npm.taobao.org/fresh/download/fresh-0.5.2.tgz",
      "integrity": "sha1-PYyt2Q2XZWn6g1qx+OSyOhBWBac="
    },
    "has-cors": {
      "version": "1.1.0",
      "resolved": "https://registry.npm.taobao.org/has-cors/download/has-cors-1.1.0.tgz",
      "integrity": "sha1-XkdHk/fqmEPRu5nCPu9J/xJv/zk="
    },
    "http-errors": {
      "version": "1.7.2",
      "resolved": "https://registry.npm.taobao.org/http-errors/download/http-errors-1.7.2.tgz",
      "integrity": "sha1-T1ApzxMjnzEDblsuVSkrz7zIXI8=",
      "requires": {
        "depd": "~1.1.2",
        "inherits": "2.0.3",
        "setprototypeof": "1.1.1",
        "statuses": ">= 1.5.0 < 2",
        "toidentifier": "1.0.0"
      },
      "dependencies": {
        "inherits": {
          "version": "2.0.3",
          "resolved": "https://registry.npm.taobao.org/inherits/download/inherits-2.0.3.tgz",
          "integrity": "sha1-Yzwsg+PaQqUC9SRmAiSA9CCCYd4="
        }
      }
    },
    "iconv-lite": {
      "version": "0.4.24",
      "resolved": "https://registry.npm.taobao.org/iconv-lite/download/iconv-lite-0.4.24.tgz",
      "integrity": "sha1-ICK0sl+93CHS9SSXSkdKr+czkIs=",
      "requires": {
        "safer-buffer": ">= 2.1.2 < 3"
      }
    },
    "inherits": {
      "version": "2.0.4",
      "resolved": "https://registry.npm.taobao.org/inherits/download/inherits-2.0.4.tgz",
      "integrity": "sha1-D6LGT5MpF8NDOg3tVTY6rjdBa3w="
    },
    "ipaddr.js": {
      "version": "1.9.1",
      "resolved": "https://registry.npm.taobao.org/ipaddr.js/download/ipaddr.js-1.9.1.tgz",
      "integrity": "sha1-v/OFQ+64mEglB5/zoqjmy9RngbM="
    },
    "json-schema-traverse": {
      "version": "0.4.1",
      "resolved": "https://registry.npm.taobao.org/json-schema-traverse/download/json-schema-traverse-0.4.1.tgz?cache=0&sync_timestamp=1608000211395&other_urls=https%3A%2F%2Fregistry.npm.taobao.org%2Fjson-schema-traverse%2Fdownload%2Fjson-schema-traverse-0.4.1.tgz",
      "integrity": "sha1-afaofZUTq4u4/mO9sJecRI5oRmA="
    },
    "lodash.get": {
      "version": "4.4.2",
      "resolved": "https://registry.npm.taobao.org/lodash.get/download/lodash.get-4.4.2.tgz",
      "integrity": "sha1-LRd/ZS+jHpObRDjVNBSZ36OCXpk="
    },
    "lodash.merge": {
      "version": "4.6.2",
      "resolved": "https://registry.npm.taobao.org/lodash.merge/download/lodash.merge-4.6.2.tgz",
      "integrity": "sha1-VYqlO0O2YeGSWgr9+japoQhf5Xo="
    },
    "lodash.reduce": {
      "version": "4.6.0",
      "resolved": "https://registry.npm.taobao.org/lodash.reduce/download/lodash.reduce-4.6.0.tgz",
      "integrity": "sha1-8atrg5KZrUj3hKu/R2WW8DuRTTs="
    },
    "macaddress": {
      "version": "0.5.1",
      "resolved": "https://registry.npm.taobao.org/macaddress/download/macaddress-0.5.1.tgz",
      "integrity": "sha1-XXF61QM3+WCFZV1dsG68YN8R/Fk="
    },
    "media-typer": {
      "version": "0.3.0",
      "resolved": "https://registry.npm.taobao.org/media-typer/download/media-typer-0.3.0.tgz",
      "integrity": "sha1-hxDXrwqmJvj/+hzgAWhUUmMlV0g="
    },
    "merge-descriptors": {
      "version": "1.0.1",
      "resolved": "https://registry.npm.taobao.org/merge-descriptors/download/merge-descriptors-1.0.1.tgz",
      "integrity": "sha1-sAqqVW3YtEVoFQ7J0blT8/kMu2E="
    },
    "methods": {
      "version": "1.1.2",
      "resolved": "https://registry.npm.taobao.org/methods/download/methods-1.1.2.tgz",
      "integrity": "sha1-VSmk1nZUE07cxSZmVoNbD4Ua/O4="
    },
    "mime": {
      "version": "1.6.0",
      "resolved": "https://registry.npm.taobao.org/mime/download/mime-1.6.0.tgz?cache=0&sync_timestamp=1610756322518&other_urls=https%3A%2F%2Fregistry.npm.taobao.org%2Fmime%2Fdownload%2Fmime-1.6.0.tgz",
      "integrity": "sha1-Ms2eXGRVO9WNGaVor0Uqz/BJgbE="
    },
    "mime-db": {
      "version": "1.45.0",
      "resolved": "https://registry.npm.taobao.org/mime-db/download/mime-db-1.45.0.tgz?cache=0&sync_timestamp=1600831150274&other_urls=https%3A%2F%2Fregistry.npm.taobao.org%2Fmime-db%2Fdownload%2Fmime-db-1.45.0.tgz",
      "integrity": "sha1-zO7aIczXw6dF66LezVXUtz54eeo="
    },
    "mime-types": {
      "version": "2.1.28",
      "resolved": "https://registry.npm.taobao.org/mime-types/download/mime-types-2.1.28.tgz?cache=0&sync_timestamp=1609559940028&other_urls=https%3A%2F%2Fregistry.npm.taobao.org%2Fmime-types%2Fdownload%2Fmime-types-2.1.28.tgz",
      "integrity": "sha1-EWDEdX6rLFNjiI4AUnPs950qDs0=",
      "requires": {
        "mime-db": "1.45.0"
      }
    },
    "minecraft-data": {
      "version": "2.74.0",
      "resolved": "https://registry.npm.taobao.org/minecraft-data/download/minecraft-data-2.74.0.tgz",
      "integrity": "sha1-X3X/A+zOAgk13OwFvw7yYr5Gp/I="
    },
    "minecraft-folder-path": {
      "version": "1.1.0",
      "resolved": "https://registry.npm.taobao.org/minecraft-folder-path/download/minecraft-folder-path-1.1.0.tgz",
      "integrity": "sha1-pYZe+sHlKbuqiGZo+wjQP1BSv5M=",
      "requires": {
        "user-settings-dir": "0.0.3"
      }
    },
    "minecraft-protocol": {
      "version": "1.22.0",
      "resolved": "https://registry.npm.taobao.org/minecraft-protocol/download/minecraft-protocol-1.22.0.tgz",
      "integrity": "sha1-Z/4sK0y9DF/jEbdeSY3i5iGIFdQ=",
      "requires": {
        "@xboxreplay/xboxlive-auth": "^3.3.0",
        "aes-js": "^3.1.2",
        "buffer-equal": "^1.0.0",
        "debug": "^4.1.0",
        "endian-toggle": "^0.0.0",
        "lodash.get": "^4.1.2",
        "lodash.merge": "^4.3.0",
        "minecraft-data": "^2.70.0",
        "minecraft-folder-path": "^1.1.0",
        "node-fetch": "^2.6.1",
        "node-rsa": "^0.4.2",
        "prismarine-nbt": "^1.3.0",
        "protodef": "^1.8.0",
        "readable-stream": "^3.0.6",
        "uuid-1345": "^1.0.1",
        "yggdrasil": "^1.4.0"
      }
    },
    "mineflayer": {
      "version": "2.41.0",
      "resolved": "https://registry.npm.taobao.org/mineflayer/download/mineflayer-2.41.0.tgz",
      "integrity": "sha1-GrjoEwd9qnz2pTXKVC4VneFKSJ4=",
      "requires": {
        "minecraft-data": "^2.70.0",
        "minecraft-protocol": "^1.17.0",
        "prismarine-biome": "^1.1.0",
        "prismarine-block": "^1.6.0",
        "prismarine-chat": "^1.0.0",
        "prismarine-chunk": "^1.20.3",
        "prismarine-entity": "^1.0.0",
        "prismarine-item": "^1.5.0",
        "prismarine-physics": "^1.0.4",
        "prismarine-recipe": "^1.1.0",
        "prismarine-windows": "^1.5.0",
        "prismarine-world": "^3.2.0",
        "protodef": "^1.8.0",
        "typed-emitter": "^1.2.0",
        "vec3": "^0.1.6"
      }
    },
    "mojangson": {
      "version": "1.1.1",
      "resolved": "https://registry.npm.taobao.org/mojangson/download/mojangson-1.1.1.tgz",
      "integrity": "sha1-HnhytVn8v+VbA7xgnCzMqUJ9Jh4=",
      "requires": {
        "nearley": "^2.19.5"
      }
    },
    "moo": {
      "version": "0.5.1",
      "resolved": "https://registry.npm.taobao.org/moo/download/moo-0.5.1.tgz",
      "integrity": "sha1-eq5/OEubCfYgtqv29067zRtl28Q="
    },
    "ms": {
      "version": "2.1.2",
      "resolved": "https://registry.npm.taobao.org/ms/download/ms-2.1.2.tgz",
      "integrity": "sha1-0J0fNXtEP0kzgqjrPM0YOHKuYAk="
    },
    "nearley": {
      "version": "2.20.1",
      "resolved": "https://registry.npm.taobao.org/nearley/download/nearley-2.20.1.tgz?cache=0&other_urls=https%3A%2F%2Fregistry.npm.taobao.org%2Fnearley%2Fdownload%2Fnearley-2.20.1.tgz",
      "integrity": "sha1-JGzTPv8NAS+vGX/2d016x4rN1HQ=",
      "requires": {
        "commander": "^2.19.0",
        "moo": "^0.5.0",
        "railroad-diagrams": "^1.0.0",
        "randexp": "0.4.6"
      }
    },
    "negotiator": {
      "version": "0.6.2",
      "resolved": "https://registry.npm.taobao.org/negotiator/download/negotiator-0.6.2.tgz",
      "integrity": "sha1-/qz3zPUlp3rpY0Q2pkiD/+yjRvs="
    },
    "node-fetch": {
      "version": "2.6.1",
      "resolved": "https://registry.npm.taobao.org/node-fetch/download/node-fetch-2.6.1.tgz?cache=0&sync_timestamp=1599309206591&other_urls=https%3A%2F%2Fregistry.npm.taobao.org%2Fnode-fetch%2Fdownload%2Fnode-fetch-2.6.1.tgz",
      "integrity": "sha1-BFvTI2Mfdu0uK1VXM5RBa2OaAFI="
    },
    "node-rsa": {
      "version": "0.4.2",
      "resolved": "https://registry.npm.taobao.org/node-rsa/download/node-rsa-0.4.2.tgz",
      "integrity": "sha1-1jkXKewWqDDtWjgEKzFX0tXXJTA=",
      "requires": {
        "asn1": "0.2.3"
      }
    },
    "object-assign": {
      "version": "4.1.1",
      "resolved": "https://registry.npm.taobao.org/object-assign/download/object-assign-4.1.1.tgz",
      "integrity": "sha1-IQmtx5ZYh8/AXLvUQsrIv7s2CGM="
    },
    "on-finished": {
      "version": "2.3.0",
      "resolved": "https://registry.npm.taobao.org/on-finished/download/on-finished-2.3.0.tgz",
      "integrity": "sha1-IPEzZIGwg811M3mSoWlxqi2QaUc=",
      "requires": {
        "ee-first": "1.1.1"
      }
    },
    "on-headers": {
      "version": "1.0.2",
      "resolved": "https://registry.npm.taobao.org/on-headers/download/on-headers-1.0.2.tgz",
      "integrity": "sha1-dysK5qqlJcOZ5Imt+tkMQD6zwo8="
    },
    "parseqs": {
      "version": "0.0.6",
      "resolved": "https://registry.npm.taobao.org/parseqs/download/parseqs-0.0.6.tgz",
      "integrity": "sha1-jku1oZ0c3IRKCKyXTTTic6+mcNU="
    },
    "parseuri": {
      "version": "0.0.6",
      "resolved": "https://registry.npm.taobao.org/parseuri/download/parseuri-0.0.6.tgz",
      "integrity": "sha1-4Ulugp46wv9H85pN0ESzKCPEolo="
    },
    "parseurl": {
      "version": "1.3.3",
      "resolved": "https://registry.npm.taobao.org/parseurl/download/parseurl-1.3.3.tgz",
      "integrity": "sha1-naGee+6NEt/wUT7Vt2lXeTvC6NQ="
    },
    "path-to-regexp": {
      "version": "0.1.7",
      "resolved": "https://registry.npm.taobao.org/path-to-regexp/download/path-to-regexp-0.1.7.tgz?cache=0&other_urls=https%3A%2F%2Fregistry.npm.taobao.org%2Fpath-to-regexp%2Fdownload%2Fpath-to-regexp-0.1.7.tgz",
      "integrity": "sha1-32BBeABfUi8V60SQ5yR6G/qmf4w="
    },
    "phin": {
      "version": "3.5.1",
      "resolved": "https://registry.npm.taobao.org/phin/download/phin-3.5.1.tgz",
      "integrity": "sha1-Qc4Hqn6yOx997Yn8AKRkrd3ayXI=",
      "requires": {
        "centra": "^2.4.2"
      }
    },
    "prismarine-biome": {
      "version": "1.1.1",
      "resolved": "https://registry.npm.taobao.org/prismarine-biome/download/prismarine-biome-1.1.1.tgz",
      "integrity": "sha1-hl+A+5QpPm5b5myfX4JjI1ZK0uA="
    },
    "prismarine-block": {
      "version": "1.7.3",
      "resolved": "https://registry.npm.taobao.org/prismarine-block/download/prismarine-block-1.7.3.tgz",
      "integrity": "sha1-2lDrdWq5DJbfZe5m3FNuUJnWqkg=",
      "requires": {
        "prismarine-biome": "^1.1.0"
      }
    },
    "prismarine-chat": {
      "version": "1.0.3",
      "resolved": "https://registry.npm.taobao.org/prismarine-chat/download/prismarine-chat-1.0.3.tgz",
      "integrity": "sha1-CIlIjqSYRJ+YUi25iP8XZ40FTHQ=",
      "requires": {
        "minecraft-data": "^2.62.1",
        "mojangson": "^1.0.0",
        "sprintf-js": "^1.1.2"
      }
    },
    "prismarine-chunk": {
      "version": "1.22.0",
      "resolved": "https://registry.npm.taobao.org/prismarine-chunk/download/prismarine-chunk-1.22.0.tgz",
      "integrity": "sha1-Ym4NQlNKgTSTUese2gYBGmM6fRo=",
      "requires": {
        "minecraft-data": "^2.61.0",
        "prismarine-block": "^1.2.0",
        "smart-buffer": "^4.1.0",
        "uint4": "^0.1.2",
        "vec3": "^0.1.3"
      }
    },
    "prismarine-entity": {
      "version": "1.1.0",
      "resolved": "https://registry.npm.taobao.org/prismarine-entity/download/prismarine-entity-1.1.0.tgz",
      "integrity": "sha1-xW62FvkUqwisIB3lV3eE5CYWues=",
      "requires": {
        "vec3": "^0.1.4"
      }
    },
    "prismarine-item": {
      "version": "1.5.0",
      "resolved": "https://registry.npm.taobao.org/prismarine-item/download/prismarine-item-1.5.0.tgz",
      "integrity": "sha1-LljaQBRAK7S6heDRQ2DFpG0vfFY="
    },
    "prismarine-nbt": {
      "version": "1.4.0",
      "resolved": "https://registry.npm.taobao.org/prismarine-nbt/download/prismarine-nbt-1.4.0.tgz",
      "integrity": "sha1-1hM9oIzA4yzdxUUnxhedINjhe3c=",
      "requires": {
        "protodef": "^1.7.0"
      }
    },
    "prismarine-physics": {
      "version": "1.2.1",
      "resolved": "https://registry.npm.taobao.org/prismarine-physics/download/prismarine-physics-1.2.1.tgz",
      "integrity": "sha1-gSBPsXx1BD+kUTO7BeyVH7O/2fc=",
      "requires": {
        "prismarine-nbt": "^1.4.0",
        "vec3": "^0.1.7"
      }
    },
    "prismarine-recipe": {
      "version": "1.1.0",
      "resolved": "https://registry.npm.taobao.org/prismarine-recipe/download/prismarine-recipe-1.1.0.tgz",
      "integrity": "sha1-uoP+oNb1rTvoM5iiD4X36ABmVzI="
    },
    "prismarine-viewer": {
      "version": "1.13.3",
      "resolved": "https://registry.npm.taobao.org/prismarine-viewer/download/prismarine-viewer-1.13.3.tgz",
      "integrity": "sha1-1+F4ffO3AyX9OrNNHjT2OobXKzk=",
      "requires": {
        "compression": "^1.7.4",
        "express": "^4.17.1",
        "minecraft-data": "^2.74.0",
        "prismarine-block": "^1.7.3",
        "prismarine-chunk": "^1.22.0",
        "prismarine-world": "^3.2.0",
        "socket.io": "^3.1.0",
        "socket.io-client": "^3.1.0",
        "three": "^0.124.0",
        "three.meshline": "^1.3.0",
        "vec3": "^0.1.7"
      }
    },
    "prismarine-windows": {
      "version": "1.6.0",
      "resolved": "https://registry.npm.taobao.org/prismarine-windows/download/prismarine-windows-1.6.0.tgz",
      "integrity": "sha1-fhl1nTQ7tIRHJEfpDY9oilI6Rqs=",
      "requires": {
        "prismarine-item": "^1.4.0"
      }
    },
    "prismarine-world": {
      "version": "3.2.0",
      "resolved": "https://registry.npm.taobao.org/prismarine-world/download/prismarine-world-3.2.0.tgz",
      "integrity": "sha1-LwS1IWwbv2NvzS9eEnMUDRXFoy4=",
      "requires": {
        "event-promise": "0.0.1",
        "vec3": "~0.1.3"
      }
    },
    "promise": {
      "version": "5.0.0",
      "resolved": "https://registry.npm.taobao.org/promise/download/promise-5.0.0.tgz",
      "integrity": "sha1-rEC3hmvteq95arW3m4AyXgR+wO8=",
      "requires": {
        "asap": "~1.0.0"
      }
    },
    "protodef": {
      "version": "1.8.3",
      "resolved": "https://registry.npm.taobao.org/protodef/download/protodef-1.8.3.tgz",
      "integrity": "sha1-uZHTRSg+Acl7d5C+JXhoDBsmfLg=",
      "requires": {
        "lodash.get": "^4.4.2",
        "lodash.reduce": "^4.6.0",
        "protodef-validator": "^1.2.2",
        "readable-stream": "^3.0.3"
      }
    },
    "protodef-validator": {
      "version": "1.2.3",
      "resolved": "https://registry.npm.taobao.org/protodef-validator/download/protodef-validator-1.2.3.tgz",
      "integrity": "sha1-EBpCJpuZnRFbn9YSqU3Rhx+hJU8=",
      "requires": {
        "ajv": "^6.5.4"
      }
    },
    "proxy-addr": {
      "version": "2.0.6",
      "resolved": "https://registry.npm.taobao.org/proxy-addr/download/proxy-addr-2.0.6.tgz",
      "integrity": "sha1-/cIzZQVEfT8vLGOO0nLK9hS7sr8=",
      "requires": {
        "forwarded": "~0.1.2",
        "ipaddr.js": "1.9.1"
      }
    },
    "punycode": {
      "version": "2.1.1",
      "resolved": "https://registry.npm.taobao.org/punycode/download/punycode-2.1.1.tgz",
      "integrity": "sha1-tYsBCsQMIsVldhbI0sLALHv0eew="
    },
    "qs": {
      "version": "6.7.0",
      "resolved": "https://registry.npm.taobao.org/qs/download/qs-6.7.0.tgz?cache=0&sync_timestamp=1610598174727&other_urls=https%3A%2F%2Fregistry.npm.taobao.org%2Fqs%2Fdownload%2Fqs-6.7.0.tgz",
      "integrity": "sha1-QdwaAV49WB8WIXdr4xr7KHapsbw="
    },
    "railroad-diagrams": {
      "version": "1.0.0",
      "resolved": "https://registry.npm.taobao.org/railroad-diagrams/download/railroad-diagrams-1.0.0.tgz",
      "integrity": "sha1-635iZ1SN3t+4mcG5Dlc3RVnN234="
    },
    "randexp": {
      "version": "0.4.6",
      "resolved": "https://registry.npm.taobao.org/randexp/download/randexp-0.4.6.tgz",
      "integrity": "sha1-6YatXl4x2uE93W97MBmqfIf2DKM=",
      "requires": {
        "discontinuous-range": "1.0.0",
        "ret": "~0.1.10"
      }
    },
    "range-parser": {
      "version": "1.2.1",
      "resolved": "https://registry.npm.taobao.org/range-parser/download/range-parser-1.2.1.tgz",
      "integrity": "sha1-PPNwI9GZ4cJNGlW4SADC8+ZGgDE="
    },
    "raw-body": {
      "version": "2.4.0",
      "resolved": "https://registry.npm.taobao.org/raw-body/download/raw-body-2.4.0.tgz",
      "integrity": "sha1-oc5vucm8NWylLoklarWQWeE9AzI=",
      "requires": {
        "bytes": "3.1.0",
        "http-errors": "1.7.2",
        "iconv-lite": "0.4.24",
        "unpipe": "1.0.0"
      },
      "dependencies": {
        "bytes": {
          "version": "3.1.0",
          "resolved": "https://registry.npm.taobao.org/bytes/download/bytes-3.1.0.tgz",
          "integrity": "sha1-9s95M6Ng4FiPqf3oVlHNx/gF0fY="
        }
      }
    },
    "readable-stream": {
      "version": "3.6.0",
      "resolved": "https://registry.npm.taobao.org/readable-stream/download/readable-stream-3.6.0.tgz",
      "integrity": "sha1-M3u9o63AcGvT4CRCaihtS0sskZg=",
      "requires": {
        "inherits": "^2.0.3",
        "string_decoder": "^1.1.1",
        "util-deprecate": "^1.0.1"
      }
    },
    "ret": {
      "version": "0.1.15",
      "resolved": "https://registry.npm.taobao.org/ret/download/ret-0.1.15.tgz?cache=0&sync_timestamp=1609746607648&other_urls=https%3A%2F%2Fregistry.npm.taobao.org%2Fret%2Fdownload%2Fret-0.1.15.tgz",
      "integrity": "sha1-uKSCXVvbH8P29Twrwz+BOIaBx7w="
    },
    "safe-buffer": {
      "version": "5.2.1",
      "resolved": "https://registry.npm.taobao.org/safe-buffer/download/safe-buffer-5.2.1.tgz",
      "integrity": "sha1-Hq+fqb2x/dTsdfWPnNtOa3gn7sY="
    },
    "safer-buffer": {
      "version": "2.1.2",
      "resolved": "https://registry.npm.taobao.org/safer-buffer/download/safer-buffer-2.1.2.tgz",
      "integrity": "sha1-RPoWGwGHuVSd2Eu5GAL5vYOFzWo="
    },
    "send": {
      "version": "0.17.1",
      "resolved": "https://registry.npm.taobao.org/send/download/send-0.17.1.tgz",
      "integrity": "sha1-wdiwWfeQD3Rm3Uk4vcROEd2zdsg=",
      "requires": {
        "debug": "2.6.9",
        "depd": "~1.1.2",
        "destroy": "~1.0.4",
        "encodeurl": "~1.0.2",
        "escape-html": "~1.0.3",
        "etag": "~1.8.1",
        "fresh": "0.5.2",
        "http-errors": "~1.7.2",
        "mime": "1.6.0",
        "ms": "2.1.1",
        "on-finished": "~2.3.0",
        "range-parser": "~1.2.1",
        "statuses": "~1.5.0"
      },
      "dependencies": {
        "debug": {
          "version": "2.6.9",
          "resolved": "https://registry.npm.taobao.org/debug/download/debug-2.6.9.tgz?cache=0&sync_timestamp=1607566580543&other_urls=https%3A%2F%2Fregistry.npm.taobao.org%2Fdebug%2Fdownload%2Fdebug-2.6.9.tgz",
          "integrity": "sha1-XRKFFd8TT/Mn6QpMk/Tgd6U2NB8=",
          "requires": {
            "ms": "2.0.0"
          },
          "dependencies": {
            "ms": {
              "version": "2.0.0",
              "resolved": "https://registry.npm.taobao.org/ms/download/ms-2.0.0.tgz",
              "integrity": "sha1-VgiurfwAvmwpAd9fmGF4jeDVl8g="
            }
          }
        },
        "ms": {
          "version": "2.1.1",
          "resolved": "https://registry.npm.taobao.org/ms/download/ms-2.1.1.tgz",
          "integrity": "sha1-MKWGTrPrsKZvLr5tcnrwagnYbgo="
        }
      }
    },
    "serve-static": {
      "version": "1.14.1",
      "resolved": "https://registry.npm.taobao.org/serve-static/download/serve-static-1.14.1.tgz",
      "integrity": "sha1-Zm5jbcTwEPfvKZcKiKZ0MgiYsvk=",
      "requires": {
        "encodeurl": "~1.0.2",
        "escape-html": "~1.0.3",
        "parseurl": "~1.3.3",
        "send": "0.17.1"
      }
    },
    "setprototypeof": {
      "version": "1.1.1",
      "resolved": "https://registry.npm.taobao.org/setprototypeof/download/setprototypeof-1.1.1.tgz",
      "integrity": "sha1-fpWsskqpL1iF4KvvW6ExMw1K5oM="
    },
    "smart-buffer": {
      "version": "4.1.0",
      "resolved": "https://registry.npm.taobao.org/smart-buffer/download/smart-buffer-4.1.0.tgz",
      "integrity": "sha1-kWBcJdkWUvRmHqacz0XxszHKIbo="
    },
    "socket.io": {
      "version": "3.1.0",
      "resolved": "https://registry.npm.taobao.org/socket.io/download/socket.io-3.1.0.tgz?cache=0&other_urls=https%3A%2F%2Fregistry.npm.taobao.org%2Fsocket.io%2Fdownload%2Fsocket.io-3.1.0.tgz",
      "integrity": "sha1-TzrM2jHpWJP2GAkMnLXoXTRUIfs=",
      "requires": {
        "@types/cookie": "^0.4.0",
        "@types/cors": "^2.8.8",
        "@types/node": "^14.14.10",
        "accepts": "~1.3.4",
        "base64id": "~2.0.0",
        "debug": "~4.3.1",
        "engine.io": "~4.1.0",
        "socket.io-adapter": "~2.1.0",
        "socket.io-parser": "~4.0.3"
      }
    },
    "socket.io-adapter": {
      "version": "2.1.0",
      "resolved": "https://registry.npm.taobao.org/socket.io-adapter/download/socket.io-adapter-2.1.0.tgz?cache=0&sync_timestamp=1610670735445&other_urls=https%3A%2F%2Fregistry.npm.taobao.org%2Fsocket.io-adapter%2Fdownload%2Fsocket.io-adapter-2.1.0.tgz",
      "integrity": "sha1-7cXcNmAvKYWRjWMcE5khXpehtSc="
    },
    "socket.io-client": {
      "version": "3.1.0",
      "resolved": "https://registry.npm.taobao.org/socket.io-client/download/socket.io-client-3.1.0.tgz?cache=0&sync_timestamp=1610673431944&other_urls=https%3A%2F%2Fregistry.npm.taobao.org%2Fsocket.io-client%2Fdownload%2Fsocket.io-client-3.1.0.tgz",
      "integrity": "sha1-2jkCyAoCoWz1d2nF4/nUyyeLblY=",
      "requires": {
        "@types/component-emitter": "^1.2.10",
        "backo2": "~1.0.2",
        "component-emitter": "~1.3.0",
        "debug": "~4.3.1",
        "engine.io-client": "~4.1.0",
        "parseuri": "0.0.6",
        "socket.io-parser": "~4.0.4"
      }
    },
    "socket.io-parser": {
      "version": "4.0.4",
      "resolved": "https://registry.npm.taobao.org/socket.io-parser/download/socket.io-parser-4.0.4.tgz?cache=0&sync_timestamp=1610669809014&other_urls=https%3A%2F%2Fregistry.npm.taobao.org%2Fsocket.io-parser%2Fdownload%2Fsocket.io-parser-4.0.4.tgz",
      "integrity": "sha1-nqIbDWFQjRgZbvBKLGuatjD0wrA=",
      "requires": {
        "@types/component-emitter": "^1.2.10",
        "component-emitter": "~1.3.0",
        "debug": "~4.3.1"
      }
    },
    "sprintf-js": {
      "version": "1.1.2",
      "resolved": "https://registry.npm.taobao.org/sprintf-js/download/sprintf-js-1.1.2.tgz",
      "integrity": "sha1-2hdlJiv4wPVxdJ8q1sJjACB65nM="
    },
    "statuses": {
      "version": "1.5.0",
      "resolved": "https://registry.npm.taobao.org/statuses/download/statuses-1.5.0.tgz?cache=0&sync_timestamp=1609654438540&other_urls=https%3A%2F%2Fregistry.npm.taobao.org%2Fstatuses%2Fdownload%2Fstatuses-1.5.0.tgz",
      "integrity": "sha1-Fhx9rBd2Wf2YEfQ3cfqZOBR4Yow="
    },
    "string_decoder": {
      "version": "1.3.0",
      "resolved": "https://registry.npm.taobao.org/string_decoder/download/string_decoder-1.3.0.tgz",
      "integrity": "sha1-QvEUWUpGzxqOMLCoT1bHjD7awh4=",
      "requires": {
        "safe-buffer": "~5.2.0"
      }
    },
    "three": {
      "version": "0.124.0",
      "resolved": "https://registry.npm.taobao.org/three/download/three-0.124.0.tgz?cache=0&sync_timestamp=1608797656465&other_urls=https%3A%2F%2Fregistry.npm.taobao.org%2Fthree%2Fdownload%2Fthree-0.124.0.tgz",
      "integrity": "sha1-FKsaJrpsVuURkOG1VpXNPB5p6lU="
    },
    "three.meshline": {
      "version": "1.3.0",
      "resolved": "https://registry.npm.taobao.org/three.meshline/download/three.meshline-1.3.0.tgz",
      "integrity": "sha1-Ni2b00gJB6TYomY1h3IqNOWnzJI="
    },
    "toidentifier": {
      "version": "1.0.0",
      "resolved": "https://registry.npm.taobao.org/toidentifier/download/toidentifier-1.0.0.tgz",
      "integrity": "sha1-fhvjRw8ed5SLxD2Uo8j013UrpVM="
    },
    "type-is": {
      "version": "1.6.18",
      "resolved": "https://registry.npm.taobao.org/type-is/download/type-is-1.6.18.tgz",
      "integrity": "sha1-TlUs0F3wlGfcvE73Od6J8s83wTE=",
      "requires": {
        "media-typer": "0.3.0",
        "mime-types": "~2.1.24"
      }
    },
    "typed-emitter": {
      "version": "1.3.1",
      "resolved": "https://registry.npm.taobao.org/typed-emitter/download/typed-emitter-1.3.1.tgz",
      "integrity": "sha1-yY1xVRqZ1fCLqQhe5EuPybI1dQI="
    },
    "uint4": {
      "version": "0.1.2",
      "resolved": "https://registry.npm.taobao.org/uint4/download/uint4-0.1.2.tgz",
      "integrity": "sha1-UMWuBLhdKBKPLfPMDsxNQavC9oE="
    },
    "unpipe": {
      "version": "1.0.0",
      "resolved": "https://registry.npm.taobao.org/unpipe/download/unpipe-1.0.0.tgz",
      "integrity": "sha1-sr9O6FFKrmFltIF4KdIbLvSZBOw="
    },
    "uri-js": {
      "version": "4.4.1",
      "resolved": "https://registry.npm.taobao.org/uri-js/download/uri-js-4.4.1.tgz?cache=0&sync_timestamp=1610237641463&other_urls=https%3A%2F%2Fregistry.npm.taobao.org%2Furi-js%2Fdownload%2Furi-js-4.4.1.tgz",
      "integrity": "sha1-mxpSWVIlhZ5V9mnZKPiMbFfyp34=",
      "requires": {
        "punycode": "^2.1.0"
      }
    },
    "user-settings-dir": {
      "version": "0.0.3",
      "resolved": "https://registry.npm.taobao.org/user-settings-dir/download/user-settings-dir-0.0.3.tgz",
      "integrity": "sha1-mgLCvhLNbTQldHc5v4soTIHvqXc="
    },
    "util-deprecate": {
      "version": "1.0.2",
      "resolved": "https://registry.npm.taobao.org/util-deprecate/download/util-deprecate-1.0.2.tgz",
      "integrity": "sha1-RQ1Nyfpw3nMnYvvS1KKJgUGaDM8="
    },
    "utils-merge": {
      "version": "1.0.1",
      "resolved": "https://registry.npm.taobao.org/utils-merge/download/utils-merge-1.0.1.tgz",
      "integrity": "sha1-n5VxD1CiZ5R7LMwSR0HBAoQn5xM="
    },
    "uuid": {
      "version": "8.3.2",
      "resolved": "https://registry.npm.taobao.org/uuid/download/uuid-8.3.2.tgz?cache=0&sync_timestamp=1607460209394&other_urls=https%3A%2F%2Fregistry.npm.taobao.org%2Fuuid%2Fdownload%2Fuuid-8.3.2.tgz",
      "integrity": "sha1-gNW1ztJxu5r2xEXyGhoExgbO++I="
    },
    "uuid-1345": {
      "version": "1.0.2",
      "resolved": "https://registry.npm.taobao.org/uuid-1345/download/uuid-1345-1.0.2.tgz",
      "integrity": "sha1-HEPQdFB8QElCeNUjYZm/+sgeGbg=",
      "requires": {
        "macaddress": "^0.5.1"
      }
    },
    "vary": {
      "version": "1.1.2",
      "resolved": "https://registry.npm.taobao.org/vary/download/vary-1.1.2.tgz",
      "integrity": "sha1-IpnwLG3tMNSllhsLn3RSShj2NPw="
    },
    "vec3": {
      "version": "0.1.7",
      "resolved": "https://registry.npm.taobao.org/vec3/download/vec3-0.1.7.tgz",
      "integrity": "sha1-4gOnvMLQdMMochQhvu1IswyB5Bs="
    },
    "ws": {
      "version": "7.4.2",
      "resolved": "https://registry.npm.taobao.org/ws/download/ws-7.4.2.tgz",
      "integrity": "sha1-eCEABI5U6zb+mEM2OrHGhnKyYd0="
    },
    "xmlhttprequest-ssl": {
      "version": "1.5.5",
      "resolved": "https://registry.npm.taobao.org/xmlhttprequest-ssl/download/xmlhttprequest-ssl-1.5.5.tgz",
      "integrity": "sha1-wodrBhaKrcQOV9l+gRkayPQ5iz4="
    },
    "yeast": {
      "version": "0.1.2",
      "resolved": "https://registry.npm.taobao.org/yeast/download/yeast-0.1.2.tgz",
      "integrity": "sha1-AI4G2AlDIMNy28L47XagymyKxBk="
    },
    "yggdrasil": {
      "version": "1.4.0",
      "resolved": "https://registry.npm.taobao.org/yggdrasil/download/yggdrasil-1.4.0.tgz",
      "integrity": "sha1-NDUl2hDk2PRfePTUx2/BfOsY3R8=",
      "requires": {
        "phin": "^3.4.1",
        "uuid": "^8.2.0"
      }
    }
  }
}
